// !$*UTF8*$!
{
	archiveVersion = 1;
	classes = {
	};
	objectVersion = 56;
	objects = {

/* Begin PBXBuildFile section */
		53D4187C2AC7099A0070ADB1 /* AuraApp.swift in Sources */ = {isa = PBXBuildFile; fileRef = 53D4187B2AC7099A0070ADB1 /* AuraApp.swift */; };
		53D418802AC7099B0070ADB1 /* Assets.xcassets in Resources */ = {isa = PBXBuildFile; fileRef = 53D4187F2AC7099B0070ADB1 /* Assets.xcassets */; };
		53D418832AC7099B0070ADB1 /* Preview Assets.xcassets in Resources */ = {isa = PBXBuildFile; fileRef = 53D418822AC7099B0070ADB1 /* Preview Assets.xcassets */; };
		53D4188D2AC709F40070ADB1 /* AppViewModel.swift in Sources */ = {isa = PBXBuildFile; fileRef = 53D4188C2AC709F40070ADB1 /* AppViewModel.swift */; };
		53D418912AC70A920070ADB1 /* AuthenticationView.swift in Sources */ = {isa = PBXBuildFile; fileRef = 53D418902AC70A920070ADB1 /* AuthenticationView.swift */; };
		53D418932AC70AB10070ADB1 /* AccountDetailView.swift in Sources */ = {isa = PBXBuildFile; fileRef = 53D418922AC70AB10070ADB1 /* AccountDetailView.swift */; };
		53D418952AC70ABF0070ADB1 /* MoneyTransferView.swift in Sources */ = {isa = PBXBuildFile; fileRef = 53D418942AC70ABF0070ADB1 /* MoneyTransferView.swift */; };
		53D418992AC70FD80070ADB1 /* Color+Extensions.swift in Sources */ = {isa = PBXBuildFile; fileRef = 53D418982AC70FD80070ADB1 /* Color+Extensions.swift */; };
		53D4189B2AC711990070ADB1 /* AuthenticationViewModel.swift in Sources */ = {isa = PBXBuildFile; fileRef = 53D4189A2AC711990070ADB1 /* AuthenticationViewModel.swift */; };
		53D4189D2AC715AA0070ADB1 /* AccountDetailViewModel.swift in Sources */ = {isa = PBXBuildFile; fileRef = 53D4189C2AC715AA0070ADB1 /* AccountDetailViewModel.swift */; };
		53D4189F2AC717890070ADB1 /* MoneyTransferViewModel.swift in Sources */ = {isa = PBXBuildFile; fileRef = 53D4189E2AC717890070ADB1 /* MoneyTransferViewModel.swift */; };
		53D418A12AC71B8F0070ADB1 /* View+Extensions.swift in Sources */ = {isa = PBXBuildFile; fileRef = 53D418A02AC71B8F0070ADB1 /* View+Extensions.swift */; };
		561785F32BD01D6E00C959EE /* Authenticator.swift in Sources */ = {isa = PBXBuildFile; fileRef = 561785F22BD01D6E00C959EE /* Authenticator.swift */; };
		561785F62BD0217000C959EE /* URLSessionHTTPClient.swift in Sources */ = {isa = PBXBuildFile; fileRef = 561785F52BD0217000C959EE /* URLSessionHTTPClient.swift */; };
		561785F82BD0218900C959EE /* HTTPClient.swift in Sources */ = {isa = PBXBuildFile; fileRef = 561785F72BD0218900C959EE /* HTTPClient.swift */; };
		561785FA2BD0219900C959EE /* AuthMapper.swift in Sources */ = {isa = PBXBuildFile; fileRef = 561785F92BD0219900C959EE /* AuthMapper.swift */; };
		561785FD2BD0236100C959EE /* AuthEndpoint.swift in Sources */ = {isa = PBXBuildFile; fileRef = 561785FC2BD0236100C959EE /* AuthEndpoint.swift */; };
		561786002BD0293000C959EE /* AccountDetailsEndpoint.swift in Sources */ = {isa = PBXBuildFile; fileRef = 561785FF2BD0293000C959EE /* AccountDetailsEndpoint.swift */; };
		561786022BD029D100C959EE /* AccountDetailsMapper.swift in Sources */ = {isa = PBXBuildFile; fileRef = 561786012BD029D100C959EE /* AccountDetailsMapper.swift */; };
		561786042BD02A7F00C959EE /* AccountDetailsItem.swift in Sources */ = {isa = PBXBuildFile; fileRef = 561786032BD02A7F00C959EE /* AccountDetailsItem.swift */; };
		561786062BD02BA000C959EE /* AccountDetailsLoader.swift in Sources */ = {isa = PBXBuildFile; fileRef = 561786052BD02BA000C959EE /* AccountDetailsLoader.swift */; };
		5617860B2BD0403700C959EE /* TokenStore.swift in Sources */ = {isa = PBXBuildFile; fileRef = 5617860A2BD0403700C959EE /* TokenStore.swift */; };
		5617860D2BD0405600C959EE /* KeychainTokenStore.swift in Sources */ = {isa = PBXBuildFile; fileRef = 5617860C2BD0405600C959EE /* KeychainTokenStore.swift */; };
		5617860F2BD0442400C959EE /* AllTransactionsView.swift in Sources */ = {isa = PBXBuildFile; fileRef = 5617860E2BD0442400C959EE /* AllTransactionsView.swift */; };
		561786122BD048FC00C959EE /* MoneyTransfertEndpoint.swift in Sources */ = {isa = PBXBuildFile; fileRef = 561786112BD048FC00C959EE /* MoneyTransfertEndpoint.swift */; };
		561786162BD04B6D00C959EE /* MoneyTransfertSender.swift in Sources */ = {isa = PBXBuildFile; fileRef = 561786152BD04B6D00C959EE /* MoneyTransfertSender.swift */; };
		561786182BD04FFB00C959EE /* String+Validations.swift in Sources */ = {isa = PBXBuildFile; fileRef = 561786172BD04FFB00C959EE /* String+Validations.swift */; };
		5617862B2BD0DF3A00C959EE /* AuthEndpointTests.swift in Sources */ = {isa = PBXBuildFile; fileRef = 5617862A2BD0DF3A00C959EE /* AuthEndpointTests.swift */; };
		5617862D2BD0E11B00C959EE /* AuthMapperTests.swift in Sources */ = {isa = PBXBuildFile; fileRef = 5617862C2BD0E11B00C959EE /* AuthMapperTests.swift */; };
		5617862F2BD0E60000C959EE /* AuthenticatorTests.swift in Sources */ = {isa = PBXBuildFile; fileRef = 5617862E2BD0E60000C959EE /* AuthenticatorTests.swift */; };
		561786322BD0E84000C959EE /* SharedTestsHelpers.swift in Sources */ = {isa = PBXBuildFile; fileRef = 561786312BD0E84000C959EE /* SharedTestsHelpers.swift */; };
		561786342BD0E93200C959EE /* HTTPClientStub.swift in Sources */ = {isa = PBXBuildFile; fileRef = 561786332BD0E93200C959EE /* HTTPClientStub.swift */; };
		561786372BD0EF2F00C959EE /* AccountDetailsEndpointTests.swift in Sources */ = {isa = PBXBuildFile; fileRef = 561786362BD0EF2F00C959EE /* AccountDetailsEndpointTests.swift */; };
		561786392BD0EFFF00C959EE /* AccountDetailsMapperTests.swift in Sources */ = {isa = PBXBuildFile; fileRef = 561786382BD0EFFF00C959EE /* AccountDetailsMapperTests.swift */; };
		5617863B2BD0F3C400C959EE /* AccountDetailsLoaderTests.swift in Sources */ = {isa = PBXBuildFile; fileRef = 5617863A2BD0F3C400C959EE /* AccountDetailsLoaderTests.swift */; };
		5617863E2BD0F51500C959EE /* MoneyTransfertEndpointTests.swift in Sources */ = {isa = PBXBuildFile; fileRef = 5617863D2BD0F51500C959EE /* MoneyTransfertEndpointTests.swift */; };
		561786402BD0F62800C959EE /* MoneyTransfertSenderTests.swift in Sources */ = {isa = PBXBuildFile; fileRef = 5617863F2BD0F62800C959EE /* MoneyTransfertSenderTests.swift */; };
		561786432BD0F81200C959EE /* AuthenticationViewModelTests.swift in Sources */ = {isa = PBXBuildFile; fileRef = 561786422BD0F81200C959EE /* AuthenticationViewModelTests.swift */; };
		561786452BD0FF6700C959EE /* TokenStoreSpy.swift in Sources */ = {isa = PBXBuildFile; fileRef = 561786442BD0FF6700C959EE /* TokenStoreSpy.swift */; };
		561786472BD0FFBF00C959EE /* AccountDetailViewModelTests.swift in Sources */ = {isa = PBXBuildFile; fileRef = 561786462BD0FFBF00C959EE /* AccountDetailViewModelTests.swift */; };
		561786492BD103CE00C959EE /* MoneyTransferViewModelTests.swift in Sources */ = {isa = PBXBuildFile; fileRef = 561786482BD103CE00C959EE /* MoneyTransferViewModelTests.swift */; };
/* End PBXBuildFile section */

/* Begin PBXContainerItemProxy section */
		561786212BD0DE9E00C959EE /* PBXContainerItemProxy */ = {
			isa = PBXContainerItemProxy;
			containerPortal = 53D418702AC7099A0070ADB1 /* Project object */;
			proxyType = 1;
			remoteGlobalIDString = 53D418772AC7099A0070ADB1;
			remoteInfo = Aura;
		};
/* End PBXContainerItemProxy section */

/* Begin PBXFileReference section */
		53D418782AC7099A0070ADB1 /* Aura.app */ = {isa = PBXFileReference; explicitFileType = wrapper.application; includeInIndex = 0; path = Aura.app; sourceTree = BUILT_PRODUCTS_DIR; };
		53D4187B2AC7099A0070ADB1 /* AuraApp.swift */ = {isa = PBXFileReference; lastKnownFileType = sourcecode.swift; path = AuraApp.swift; sourceTree = "<group>"; };
		53D4187F2AC7099B0070ADB1 /* Assets.xcassets */ = {isa = PBXFileReference; lastKnownFileType = folder.assetcatalog; path = Assets.xcassets; sourceTree = "<group>"; };
		53D418822AC7099B0070ADB1 /* Preview Assets.xcassets */ = {isa = PBXFileReference; lastKnownFileType = folder.assetcatalog; path = "Preview Assets.xcassets"; sourceTree = "<group>"; };
		53D4188C2AC709F40070ADB1 /* AppViewModel.swift */ = {isa = PBXFileReference; lastKnownFileType = sourcecode.swift; path = AppViewModel.swift; sourceTree = "<group>"; };
		53D418902AC70A920070ADB1 /* AuthenticationView.swift */ = {isa = PBXFileReference; lastKnownFileType = sourcecode.swift; path = AuthenticationView.swift; sourceTree = "<group>"; };
		53D418922AC70AB10070ADB1 /* AccountDetailView.swift */ = {isa = PBXFileReference; lastKnownFileType = sourcecode.swift; path = AccountDetailView.swift; sourceTree = "<group>"; };
		53D418942AC70ABF0070ADB1 /* MoneyTransferView.swift */ = {isa = PBXFileReference; lastKnownFileType = sourcecode.swift; path = MoneyTransferView.swift; sourceTree = "<group>"; };
		53D418982AC70FD80070ADB1 /* Color+Extensions.swift */ = {isa = PBXFileReference; lastKnownFileType = sourcecode.swift; path = "Color+Extensions.swift"; sourceTree = "<group>"; };
		53D4189A2AC711990070ADB1 /* AuthenticationViewModel.swift */ = {isa = PBXFileReference; lastKnownFileType = sourcecode.swift; path = AuthenticationViewModel.swift; sourceTree = "<group>"; };
		53D4189C2AC715AA0070ADB1 /* AccountDetailViewModel.swift */ = {isa = PBXFileReference; lastKnownFileType = sourcecode.swift; path = AccountDetailViewModel.swift; sourceTree = "<group>"; };
		53D4189E2AC717890070ADB1 /* MoneyTransferViewModel.swift */ = {isa = PBXFileReference; lastKnownFileType = sourcecode.swift; path = MoneyTransferViewModel.swift; sourceTree = "<group>"; };
		53D418A02AC71B8F0070ADB1 /* View+Extensions.swift */ = {isa = PBXFileReference; lastKnownFileType = sourcecode.swift; path = "View+Extensions.swift"; sourceTree = "<group>"; };
		561785F22BD01D6E00C959EE /* Authenticator.swift */ = {isa = PBXFileReference; lastKnownFileType = sourcecode.swift; path = Authenticator.swift; sourceTree = "<group>"; };
		561785F52BD0217000C959EE /* URLSessionHTTPClient.swift */ = {isa = PBXFileReference; lastKnownFileType = sourcecode.swift; path = URLSessionHTTPClient.swift; sourceTree = "<group>"; };
		561785F72BD0218900C959EE /* HTTPClient.swift */ = {isa = PBXFileReference; lastKnownFileType = sourcecode.swift; path = HTTPClient.swift; sourceTree = "<group>"; };
		561785F92BD0219900C959EE /* AuthMapper.swift */ = {isa = PBXFileReference; lastKnownFileType = sourcecode.swift; path = AuthMapper.swift; sourceTree = "<group>"; };
		561785FC2BD0236100C959EE /* AuthEndpoint.swift */ = {isa = PBXFileReference; lastKnownFileType = sourcecode.swift; path = AuthEndpoint.swift; sourceTree = "<group>"; };
		561785FF2BD0293000C959EE /* AccountDetailsEndpoint.swift */ = {isa = PBXFileReference; lastKnownFileType = sourcecode.swift; path = AccountDetailsEndpoint.swift; sourceTree = "<group>"; };
		561786012BD029D100C959EE /* AccountDetailsMapper.swift */ = {isa = PBXFileReference; lastKnownFileType = sourcecode.swift; path = AccountDetailsMapper.swift; sourceTree = "<group>"; };
		561786032BD02A7F00C959EE /* AccountDetailsItem.swift */ = {isa = PBXFileReference; lastKnownFileType = sourcecode.swift; path = AccountDetailsItem.swift; sourceTree = "<group>"; };
		561786052BD02BA000C959EE /* AccountDetailsLoader.swift */ = {isa = PBXFileReference; lastKnownFileType = sourcecode.swift; path = AccountDetailsLoader.swift; sourceTree = "<group>"; };
		5617860A2BD0403700C959EE /* TokenStore.swift */ = {isa = PBXFileReference; lastKnownFileType = sourcecode.swift; path = TokenStore.swift; sourceTree = "<group>"; };
		5617860C2BD0405600C959EE /* KeychainTokenStore.swift */ = {isa = PBXFileReference; lastKnownFileType = sourcecode.swift; path = KeychainTokenStore.swift; sourceTree = "<group>"; };
		5617860E2BD0442400C959EE /* AllTransactionsView.swift */ = {isa = PBXFileReference; lastKnownFileType = sourcecode.swift; path = AllTransactionsView.swift; sourceTree = "<group>"; };
		561786112BD048FC00C959EE /* MoneyTransfertEndpoint.swift */ = {isa = PBXFileReference; lastKnownFileType = sourcecode.swift; path = MoneyTransfertEndpoint.swift; sourceTree = "<group>"; };
		561786152BD04B6D00C959EE /* MoneyTransfertSender.swift */ = {isa = PBXFileReference; lastKnownFileType = sourcecode.swift; path = MoneyTransfertSender.swift; sourceTree = "<group>"; };
		561786172BD04FFB00C959EE /* String+Validations.swift */ = {isa = PBXFileReference; lastKnownFileType = sourcecode.swift; path = "String+Validations.swift"; sourceTree = "<group>"; };
		5617861D2BD0DE9E00C959EE /* AuraTests.xctest */ = {isa = PBXFileReference; explicitFileType = wrapper.cfbundle; includeInIndex = 0; path = AuraTests.xctest; sourceTree = BUILT_PRODUCTS_DIR; };
		561786262BD0DEC700C959EE /* Aura.xctestplan */ = {isa = PBXFileReference; lastKnownFileType = text; path = Aura.xctestplan; sourceTree = "<group>"; };
		5617862A2BD0DF3A00C959EE /* AuthEndpointTests.swift */ = {isa = PBXFileReference; lastKnownFileType = sourcecode.swift; path = AuthEndpointTests.swift; sourceTree = "<group>"; };
		5617862C2BD0E11B00C959EE /* AuthMapperTests.swift */ = {isa = PBXFileReference; lastKnownFileType = sourcecode.swift; path = AuthMapperTests.swift; sourceTree = "<group>"; };
		5617862E2BD0E60000C959EE /* AuthenticatorTests.swift */ = {isa = PBXFileReference; lastKnownFileType = sourcecode.swift; path = AuthenticatorTests.swift; sourceTree = "<group>"; };
		561786312BD0E84000C959EE /* SharedTestsHelpers.swift */ = {isa = PBXFileReference; lastKnownFileType = sourcecode.swift; path = SharedTestsHelpers.swift; sourceTree = "<group>"; };
		561786332BD0E93200C959EE /* HTTPClientStub.swift */ = {isa = PBXFileReference; lastKnownFileType = sourcecode.swift; path = HTTPClientStub.swift; sourceTree = "<group>"; };
		561786362BD0EF2F00C959EE /* AccountDetailsEndpointTests.swift */ = {isa = PBXFileReference; lastKnownFileType = sourcecode.swift; path = AccountDetailsEndpointTests.swift; sourceTree = "<group>"; };
		561786382BD0EFFF00C959EE /* AccountDetailsMapperTests.swift */ = {isa = PBXFileReference; lastKnownFileType = sourcecode.swift; path = AccountDetailsMapperTests.swift; sourceTree = "<group>"; };
		5617863A2BD0F3C400C959EE /* AccountDetailsLoaderTests.swift */ = {isa = PBXFileReference; lastKnownFileType = sourcecode.swift; path = AccountDetailsLoaderTests.swift; sourceTree = "<group>"; };
		5617863D2BD0F51500C959EE /* MoneyTransfertEndpointTests.swift */ = {isa = PBXFileReference; lastKnownFileType = sourcecode.swift; path = MoneyTransfertEndpointTests.swift; sourceTree = "<group>"; };
		5617863F2BD0F62800C959EE /* MoneyTransfertSenderTests.swift */ = {isa = PBXFileReference; lastKnownFileType = sourcecode.swift; path = MoneyTransfertSenderTests.swift; sourceTree = "<group>"; };
		561786422BD0F81200C959EE /* AuthenticationViewModelTests.swift */ = {isa = PBXFileReference; lastKnownFileType = sourcecode.swift; path = AuthenticationViewModelTests.swift; sourceTree = "<group>"; };
		561786442BD0FF6700C959EE /* TokenStoreSpy.swift */ = {isa = PBXFileReference; lastKnownFileType = sourcecode.swift; path = TokenStoreSpy.swift; sourceTree = "<group>"; };
		561786462BD0FFBF00C959EE /* AccountDetailViewModelTests.swift */ = {isa = PBXFileReference; lastKnownFileType = sourcecode.swift; path = AccountDetailViewModelTests.swift; sourceTree = "<group>"; };
		561786482BD103CE00C959EE /* MoneyTransferViewModelTests.swift */ = {isa = PBXFileReference; lastKnownFileType = sourcecode.swift; path = MoneyTransferViewModelTests.swift; sourceTree = "<group>"; };
/* End PBXFileReference section */

/* Begin PBXFrameworksBuildPhase section */
		53D418752AC7099A0070ADB1 /* Frameworks */ = {
			isa = PBXFrameworksBuildPhase;
			buildActionMask = 2147483647;
			files = (
			);
			runOnlyForDeploymentPostprocessing = 0;
		};
		5617861A2BD0DE9E00C959EE /* Frameworks */ = {
			isa = PBXFrameworksBuildPhase;
			buildActionMask = 2147483647;
			files = (
			);
			runOnlyForDeploymentPostprocessing = 0;
		};
/* End PBXFrameworksBuildPhase section */

/* Begin PBXGroup section */
		53D4186F2AC7099A0070ADB1 = {
			isa = PBXGroup;
			children = (
				561786262BD0DEC700C959EE /* Aura.xctestplan */,
				53D4187A2AC7099A0070ADB1 /* Aura */,
				5617861E2BD0DE9E00C959EE /* AuraTests */,
				53D418792AC7099A0070ADB1 /* Products */,
			);
			sourceTree = "<group>";
		};
		53D418792AC7099A0070ADB1 /* Products */ = {
			isa = PBXGroup;
			children = (
				53D418782AC7099A0070ADB1 /* Aura.app */,
				5617861D2BD0DE9E00C959EE /* AuraTests.xctest */,
			);
			name = Products;
			sourceTree = "<group>";
		};
		53D4187A2AC7099A0070ADB1 /* Aura */ = {
			isa = PBXGroup;
			children = (
				53D4187B2AC7099A0070ADB1 /* AuraApp.swift */,
				53D418962AC70FC50070ADB1 /* Utils */,
				561785F12BD01D6000C959EE /* Models */,
				53D4188A2AC709B30070ADB1 /* ViewModels */,
				53D418892AC709AD0070ADB1 /* Views */,
				53D4187F2AC7099B0070ADB1 /* Assets.xcassets */,
				53D418812AC7099B0070ADB1 /* Preview Content */,
			);
			path = Aura;
			sourceTree = "<group>";
		};
		53D418812AC7099B0070ADB1 /* Preview Content */ = {
			isa = PBXGroup;
			children = (
				53D418822AC7099B0070ADB1 /* Preview Assets.xcassets */,
			);
			path = "Preview Content";
			sourceTree = "<group>";
		};
		53D418892AC709AD0070ADB1 /* Views */ = {
			isa = PBXGroup;
			children = (
				53D418902AC70A920070ADB1 /* AuthenticationView.swift */,
				53D418922AC70AB10070ADB1 /* AccountDetailView.swift */,
				5617860E2BD0442400C959EE /* AllTransactionsView.swift */,
				53D418942AC70ABF0070ADB1 /* MoneyTransferView.swift */,
			);
			path = Views;
			sourceTree = "<group>";
		};
		53D4188A2AC709B30070ADB1 /* ViewModels */ = {
			isa = PBXGroup;
			children = (
				53D4188C2AC709F40070ADB1 /* AppViewModel.swift */,
				53D4189A2AC711990070ADB1 /* AuthenticationViewModel.swift */,
				53D4189C2AC715AA0070ADB1 /* AccountDetailViewModel.swift */,
				53D4189E2AC717890070ADB1 /* MoneyTransferViewModel.swift */,
			);
			path = ViewModels;
			sourceTree = "<group>";
		};
		53D418962AC70FC50070ADB1 /* Utils */ = {
			isa = PBXGroup;
			children = (
				53D418982AC70FD80070ADB1 /* Color+Extensions.swift */,
				53D418A02AC71B8F0070ADB1 /* View+Extensions.swift */,
				561786172BD04FFB00C959EE /* String+Validations.swift */,
			);
			path = Utils;
			sourceTree = "<group>";
		};
		561785F12BD01D6000C959EE /* Models */ = {
			isa = PBXGroup;
			children = (
				561786082BD03FF700C959EE /* Storage */,
				561786072BD03FDF00C959EE /* Network */,
			);
			path = Models;
			sourceTree = "<group>";
		};
		561785F42BD0215E00C959EE /* Infrastructure */ = {
			isa = PBXGroup;
			children = (
				561785F52BD0217000C959EE /* URLSessionHTTPClient.swift */,
			);
			path = Infrastructure;
			sourceTree = "<group>";
		};
		561785FB2BD021B500C959EE /* Auth */ = {
			isa = PBXGroup;
			children = (
				561785F22BD01D6E00C959EE /* Authenticator.swift */,
				561785F92BD0219900C959EE /* AuthMapper.swift */,
				561785FC2BD0236100C959EE /* AuthEndpoint.swift */,
			);
			path = Auth;
			sourceTree = "<group>";
		};
		561785FE2BD027B500C959EE /* AccountDetails */ = {
			isa = PBXGroup;
			children = (
				561786032BD02A7F00C959EE /* AccountDetailsItem.swift */,
				561786052BD02BA000C959EE /* AccountDetailsLoader.swift */,
				561786012BD029D100C959EE /* AccountDetailsMapper.swift */,
				561785FF2BD0293000C959EE /* AccountDetailsEndpoint.swift */,
			);
			path = AccountDetails;
			sourceTree = "<group>";
		};
		561786072BD03FDF00C959EE /* Network */ = {
			isa = PBXGroup;
			children = (
				561785F42BD0215E00C959EE /* Infrastructure */,
				561785FB2BD021B500C959EE /* Auth */,
				561785FE2BD027B500C959EE /* AccountDetails */,
				561786102BD048C600C959EE /* MoneyTransfert */,
				561785F72BD0218900C959EE /* HTTPClient.swift */,
			);
			path = Network;
			sourceTree = "<group>";
		};
		561786082BD03FF700C959EE /* Storage */ = {
			isa = PBXGroup;
			children = (
				561786092BD0400C00C959EE /* Infrastructure */,
				5617860A2BD0403700C959EE /* TokenStore.swift */,
			);
			path = Storage;
			sourceTree = "<group>";
		};
		561786092BD0400C00C959EE /* Infrastructure */ = {
			isa = PBXGroup;
			children = (
				5617860C2BD0405600C959EE /* KeychainTokenStore.swift */,
			);
			path = Infrastructure;
			sourceTree = "<group>";
		};
		561786102BD048C600C959EE /* MoneyTransfert */ = {
			isa = PBXGroup;
			children = (
				561786152BD04B6D00C959EE /* MoneyTransfertSender.swift */,
				561786112BD048FC00C959EE /* MoneyTransfertEndpoint.swift */,
			);
			path = MoneyTransfert;
			sourceTree = "<group>";
		};
		5617861E2BD0DE9E00C959EE /* AuraTests */ = {
			isa = PBXGroup;
			children = (
				561786302BD0E81B00C959EE /* Helpers */,
				561786272BD0DF0900C959EE /* Models */,
				561786412BD0F7F600C959EE /* ViewModels */,
			);
			path = AuraTests;
			sourceTree = "<group>";
		};
		561786272BD0DF0900C959EE /* Models */ = {
			isa = PBXGroup;
			children = (
				561786282BD0DF1400C959EE /* Network */,
			);
			path = Models;
			sourceTree = "<group>";
		};
		561786282BD0DF1400C959EE /* Network */ = {
			isa = PBXGroup;
			children = (
				561786292BD0DF2400C959EE /* Auth */,
				561786352BD0EEE200C959EE /* AccountDetails */,
				5617863C2BD0F4F000C959EE /* MoneyTransfert */,
			);
			path = Network;
			sourceTree = "<group>";
		};
		561786292BD0DF2400C959EE /* Auth */ = {
			isa = PBXGroup;
			children = (
				5617862E2BD0E60000C959EE /* AuthenticatorTests.swift */,
				5617862C2BD0E11B00C959EE /* AuthMapperTests.swift */,
				5617862A2BD0DF3A00C959EE /* AuthEndpointTests.swift */,
			);
			path = Auth;
			sourceTree = "<group>";
		};
		561786302BD0E81B00C959EE /* Helpers */ = {
			isa = PBXGroup;
			children = (
				561786312BD0E84000C959EE /* SharedTestsHelpers.swift */,
				561786332BD0E93200C959EE /* HTTPClientStub.swift */,
				561786442BD0FF6700C959EE /* TokenStoreSpy.swift */,
			);
			path = Helpers;
			sourceTree = "<group>";
		};
		561786352BD0EEE200C959EE /* AccountDetails */ = {
			isa = PBXGroup;
			children = (
				5617863A2BD0F3C400C959EE /* AccountDetailsLoaderTests.swift */,
				561786382BD0EFFF00C959EE /* AccountDetailsMapperTests.swift */,
				561786362BD0EF2F00C959EE /* AccountDetailsEndpointTests.swift */,
			);
			path = AccountDetails;
			sourceTree = "<group>";
		};
		5617863C2BD0F4F000C959EE /* MoneyTransfert */ = {
			isa = PBXGroup;
			children = (
				5617863F2BD0F62800C959EE /* MoneyTransfertSenderTests.swift */,
				5617863D2BD0F51500C959EE /* MoneyTransfertEndpointTests.swift */,
			);
			path = MoneyTransfert;
			sourceTree = "<group>";
		};
		561786412BD0F7F600C959EE /* ViewModels */ = {
			isa = PBXGroup;
			children = (
				561786422BD0F81200C959EE /* AuthenticationViewModelTests.swift */,
				561786462BD0FFBF00C959EE /* AccountDetailViewModelTests.swift */,
				561786482BD103CE00C959EE /* MoneyTransferViewModelTests.swift */,
			);
			path = ViewModels;
			sourceTree = "<group>";
		};
/* End PBXGroup section */

/* Begin PBXNativeTarget section */
		53D418772AC7099A0070ADB1 /* Aura */ = {
			isa = PBXNativeTarget;
			buildConfigurationList = 53D418862AC7099B0070ADB1 /* Build configuration list for PBXNativeTarget "Aura" */;
			buildPhases = (
				53D418742AC7099A0070ADB1 /* Sources */,
				53D418752AC7099A0070ADB1 /* Frameworks */,
				53D418762AC7099A0070ADB1 /* Resources */,
			);
			buildRules = (
			);
			dependencies = (
			);
			name = Aura;
			productName = Aura;
			productReference = 53D418782AC7099A0070ADB1 /* Aura.app */;
			productType = "com.apple.product-type.application";
		};
		5617861C2BD0DE9E00C959EE /* AuraTests */ = {
			isa = PBXNativeTarget;
			buildConfigurationList = 561786232BD0DE9E00C959EE /* Build configuration list for PBXNativeTarget "AuraTests" */;
			buildPhases = (
				561786192BD0DE9E00C959EE /* Sources */,
				5617861A2BD0DE9E00C959EE /* Frameworks */,
				5617861B2BD0DE9E00C959EE /* Resources */,
			);
			buildRules = (
			);
			dependencies = (
				561786222BD0DE9E00C959EE /* PBXTargetDependency */,
			);
			name = AuraTests;
			productName = AuraTests;
			productReference = 5617861D2BD0DE9E00C959EE /* AuraTests.xctest */;
			productType = "com.apple.product-type.bundle.unit-test";
		};
/* End PBXNativeTarget section */

/* Begin PBXProject section */
		53D418702AC7099A0070ADB1 /* Project object */ = {
			isa = PBXProject;
			attributes = {
				BuildIndependentTargetsInParallel = 1;
				LastSwiftUpdateCheck = 1530;
				LastUpgradeCheck = 1500;
				TargetAttributes = {
					53D418772AC7099A0070ADB1 = {
						CreatedOnToolsVersion = 15.0;
					};
					5617861C2BD0DE9E00C959EE = {
						CreatedOnToolsVersion = 15.3;
						TestTargetID = 53D418772AC7099A0070ADB1;
					};
				};
			};
			buildConfigurationList = 53D418732AC7099A0070ADB1 /* Build configuration list for PBXProject "Aura" */;
			compatibilityVersion = "Xcode 14.0";
			developmentRegion = en;
			hasScannedForEncodings = 0;
			knownRegions = (
				en,
				Base,
			);
			mainGroup = 53D4186F2AC7099A0070ADB1;
			productRefGroup = 53D418792AC7099A0070ADB1 /* Products */;
			projectDirPath = "";
			projectRoot = "";
			targets = (
				53D418772AC7099A0070ADB1 /* Aura */,
				5617861C2BD0DE9E00C959EE /* AuraTests */,
			);
		};
/* End PBXProject section */

/* Begin PBXResourcesBuildPhase section */
		53D418762AC7099A0070ADB1 /* Resources */ = {
			isa = PBXResourcesBuildPhase;
			buildActionMask = 2147483647;
			files = (
				53D418832AC7099B0070ADB1 /* Preview Assets.xcassets in Resources */,
				53D418802AC7099B0070ADB1 /* Assets.xcassets in Resources */,
			);
			runOnlyForDeploymentPostprocessing = 0;
		};
		5617861B2BD0DE9E00C959EE /* Resources */ = {
			isa = PBXResourcesBuildPhase;
			buildActionMask = 2147483647;
			files = (
			);
			runOnlyForDeploymentPostprocessing = 0;
		};
/* End PBXResourcesBuildPhase section */

/* Begin PBXSourcesBuildPhase section */
		53D418742AC7099A0070ADB1 /* Sources */ = {
			isa = PBXSourcesBuildPhase;
			buildActionMask = 2147483647;
			files = (
				53D4187C2AC7099A0070ADB1 /* AuraApp.swift in Sources */,
				561785F32BD01D6E00C959EE /* Authenticator.swift in Sources */,
				561785F82BD0218900C959EE /* HTTPClient.swift in Sources */,
				561786062BD02BA000C959EE /* AccountDetailsLoader.swift in Sources */,
				53D418952AC70ABF0070ADB1 /* MoneyTransferView.swift in Sources */,
				5617860B2BD0403700C959EE /* TokenStore.swift in Sources */,
				53D4189B2AC711990070ADB1 /* AuthenticationViewModel.swift in Sources */,
				53D4189D2AC715AA0070ADB1 /* AccountDetailViewModel.swift in Sources */,
				561786122BD048FC00C959EE /* MoneyTransfertEndpoint.swift in Sources */,
				5617860D2BD0405600C959EE /* KeychainTokenStore.swift in Sources */,
				53D418912AC70A920070ADB1 /* AuthenticationView.swift in Sources */,
				561786182BD04FFB00C959EE /* String+Validations.swift in Sources */,
				561786022BD029D100C959EE /* AccountDetailsMapper.swift in Sources */,
				53D418932AC70AB10070ADB1 /* AccountDetailView.swift in Sources */,
				561786042BD02A7F00C959EE /* AccountDetailsItem.swift in Sources */,
				561785FD2BD0236100C959EE /* AuthEndpoint.swift in Sources */,
				53D4189F2AC717890070ADB1 /* MoneyTransferViewModel.swift in Sources */,
				53D4188D2AC709F40070ADB1 /* AppViewModel.swift in Sources */,
				561786002BD0293000C959EE /* AccountDetailsEndpoint.swift in Sources */,
				561785FA2BD0219900C959EE /* AuthMapper.swift in Sources */,
				53D418A12AC71B8F0070ADB1 /* View+Extensions.swift in Sources */,
				5617860F2BD0442400C959EE /* AllTransactionsView.swift in Sources */,
				53D418992AC70FD80070ADB1 /* Color+Extensions.swift in Sources */,
				561785F62BD0217000C959EE /* URLSessionHTTPClient.swift in Sources */,
				561786162BD04B6D00C959EE /* MoneyTransfertSender.swift in Sources */,
			);
			runOnlyForDeploymentPostprocessing = 0;
		};
		561786192BD0DE9E00C959EE /* Sources */ = {
			isa = PBXSourcesBuildPhase;
			buildActionMask = 2147483647;
			files = (
				561786322BD0E84000C959EE /* SharedTestsHelpers.swift in Sources */,
				561786392BD0EFFF00C959EE /* AccountDetailsMapperTests.swift in Sources */,
				5617862D2BD0E11B00C959EE /* AuthMapperTests.swift in Sources */,
				5617862B2BD0DF3A00C959EE /* AuthEndpointTests.swift in Sources */,
				561786472BD0FFBF00C959EE /* AccountDetailViewModelTests.swift in Sources */,
				561786452BD0FF6700C959EE /* TokenStoreSpy.swift in Sources */,
				561786432BD0F81200C959EE /* AuthenticationViewModelTests.swift in Sources */,
				561786372BD0EF2F00C959EE /* AccountDetailsEndpointTests.swift in Sources */,
				561786492BD103CE00C959EE /* MoneyTransferViewModelTests.swift in Sources */,
				561786342BD0E93200C959EE /* HTTPClientStub.swift in Sources */,
				5617862F2BD0E60000C959EE /* AuthenticatorTests.swift in Sources */,
				5617863B2BD0F3C400C959EE /* AccountDetailsLoaderTests.swift in Sources */,
				5617863E2BD0F51500C959EE /* MoneyTransfertEndpointTests.swift in Sources */,
				561786402BD0F62800C959EE /* MoneyTransfertSenderTests.swift in Sources */,
			);
			runOnlyForDeploymentPostprocessing = 0;
		};
/* End PBXSourcesBuildPhase section */

/* Begin PBXTargetDependency section */
		561786222BD0DE9E00C959EE /* PBXTargetDependency */ = {
			isa = PBXTargetDependency;
			target = 53D418772AC7099A0070ADB1 /* Aura */;
			targetProxy = 561786212BD0DE9E00C959EE /* PBXContainerItemProxy */;
		};
/* End PBXTargetDependency section */

/* Begin XCBuildConfiguration section */
		53D418842AC7099B0070ADB1 /* Debug */ = {
			isa = XCBuildConfiguration;
			buildSettings = {
				ALWAYS_SEARCH_USER_PATHS = NO;
				ASSETCATALOG_COMPILER_GENERATE_SWIFT_ASSET_SYMBOL_EXTENSIONS = YES;
				CLANG_ANALYZER_NONNULL = YES;
				CLANG_ANALYZER_NUMBER_OBJECT_CONVERSION = YES_AGGRESSIVE;
				CLANG_CXX_LANGUAGE_STANDARD = "gnu++20";
				CLANG_ENABLE_MODULES = YES;
				CLANG_ENABLE_OBJC_ARC = YES;
				CLANG_ENABLE_OBJC_WEAK = YES;
				CLANG_WARN_BLOCK_CAPTURE_AUTORELEASING = YES;
				CLANG_WARN_BOOL_CONVERSION = YES;
				CLANG_WARN_COMMA = YES;
				CLANG_WARN_CONSTANT_CONVERSION = YES;
				CLANG_WARN_DEPRECATED_OBJC_IMPLEMENTATIONS = YES;
				CLANG_WARN_DIRECT_OBJC_ISA_USAGE = YES_ERROR;
				CLANG_WARN_DOCUMENTATION_COMMENTS = YES;
				CLANG_WARN_EMPTY_BODY = YES;
				CLANG_WARN_ENUM_CONVERSION = YES;
				CLANG_WARN_INFINITE_RECURSION = YES;
				CLANG_WARN_INT_CONVERSION = YES;
				CLANG_WARN_NON_LITERAL_NULL_CONVERSION = YES;
				CLANG_WARN_OBJC_IMPLICIT_RETAIN_SELF = YES;
				CLANG_WARN_OBJC_LITERAL_CONVERSION = YES;
				CLANG_WARN_OBJC_ROOT_CLASS = YES_ERROR;
				CLANG_WARN_QUOTED_INCLUDE_IN_FRAMEWORK_HEADER = YES;
				CLANG_WARN_RANGE_LOOP_ANALYSIS = YES;
				CLANG_WARN_STRICT_PROTOTYPES = YES;
				CLANG_WARN_SUSPICIOUS_MOVE = YES;
				CLANG_WARN_UNGUARDED_AVAILABILITY = YES_AGGRESSIVE;
				CLANG_WARN_UNREACHABLE_CODE = YES;
				CLANG_WARN__DUPLICATE_METHOD_MATCH = YES;
				COPY_PHASE_STRIP = NO;
				DEBUG_INFORMATION_FORMAT = dwarf;
				ENABLE_STRICT_OBJC_MSGSEND = YES;
				ENABLE_TESTABILITY = YES;
				ENABLE_USER_SCRIPT_SANDBOXING = YES;
				GCC_C_LANGUAGE_STANDARD = gnu17;
				GCC_DYNAMIC_NO_PIC = NO;
				GCC_NO_COMMON_BLOCKS = YES;
				GCC_OPTIMIZATION_LEVEL = 0;
				GCC_PREPROCESSOR_DEFINITIONS = (
					"DEBUG=1",
					"$(inherited)",
				);
				GCC_WARN_64_TO_32_BIT_CONVERSION = YES;
				GCC_WARN_ABOUT_RETURN_TYPE = YES_ERROR;
				GCC_WARN_UNDECLARED_SELECTOR = YES;
				GCC_WARN_UNINITIALIZED_AUTOS = YES_AGGRESSIVE;
				GCC_WARN_UNUSED_FUNCTION = YES;
				GCC_WARN_UNUSED_VARIABLE = YES;
				IPHONEOS_DEPLOYMENT_TARGET = 17.0;
				LOCALIZATION_PREFERS_STRING_CATALOGS = YES;
				MTL_ENABLE_DEBUG_INFO = INCLUDE_SOURCE;
				MTL_FAST_MATH = YES;
				ONLY_ACTIVE_ARCH = YES;
				SDKROOT = iphoneos;
				SWIFT_ACTIVE_COMPILATION_CONDITIONS = "DEBUG $(inherited)";
				SWIFT_OPTIMIZATION_LEVEL = "-Onone";
			};
			name = Debug;
		};
		53D418852AC7099B0070ADB1 /* Release */ = {
			isa = XCBuildConfiguration;
			buildSettings = {
				ALWAYS_SEARCH_USER_PATHS = NO;
				ASSETCATALOG_COMPILER_GENERATE_SWIFT_ASSET_SYMBOL_EXTENSIONS = YES;
				CLANG_ANALYZER_NONNULL = YES;
				CLANG_ANALYZER_NUMBER_OBJECT_CONVERSION = YES_AGGRESSIVE;
				CLANG_CXX_LANGUAGE_STANDARD = "gnu++20";
				CLANG_ENABLE_MODULES = YES;
				CLANG_ENABLE_OBJC_ARC = YES;
				CLANG_ENABLE_OBJC_WEAK = YES;
				CLANG_WARN_BLOCK_CAPTURE_AUTORELEASING = YES;
				CLANG_WARN_BOOL_CONVERSION = YES;
				CLANG_WARN_COMMA = YES;
				CLANG_WARN_CONSTANT_CONVERSION = YES;
				CLANG_WARN_DEPRECATED_OBJC_IMPLEMENTATIONS = YES;
				CLANG_WARN_DIRECT_OBJC_ISA_USAGE = YES_ERROR;
				CLANG_WARN_DOCUMENTATION_COMMENTS = YES;
				CLANG_WARN_EMPTY_BODY = YES;
				CLANG_WARN_ENUM_CONVERSION = YES;
				CLANG_WARN_INFINITE_RECURSION = YES;
				CLANG_WARN_INT_CONVERSION = YES;
				CLANG_WARN_NON_LITERAL_NULL_CONVERSION = YES;
				CLANG_WARN_OBJC_IMPLICIT_RETAIN_SELF = YES;
				CLANG_WARN_OBJC_LITERAL_CONVERSION = YES;
				CLANG_WARN_OBJC_ROOT_CLASS = YES_ERROR;
				CLANG_WARN_QUOTED_INCLUDE_IN_FRAMEWORK_HEADER = YES;
				CLANG_WARN_RANGE_LOOP_ANALYSIS = YES;
				CLANG_WARN_STRICT_PROTOTYPES = YES;
				CLANG_WARN_SUSPICIOUS_MOVE = YES;
				CLANG_WARN_UNGUARDED_AVAILABILITY = YES_AGGRESSIVE;
				CLANG_WARN_UNREACHABLE_CODE = YES;
				CLANG_WARN__DUPLICATE_METHOD_MATCH = YES;
				COPY_PHASE_STRIP = NO;
				DEBUG_INFORMATION_FORMAT = "dwarf-with-dsym";
				ENABLE_NS_ASSERTIONS = NO;
				ENABLE_STRICT_OBJC_MSGSEND = YES;
				ENABLE_USER_SCRIPT_SANDBOXING = YES;
				GCC_C_LANGUAGE_STANDARD = gnu17;
				GCC_NO_COMMON_BLOCKS = YES;
				GCC_WARN_64_TO_32_BIT_CONVERSION = YES;
				GCC_WARN_ABOUT_RETURN_TYPE = YES_ERROR;
				GCC_WARN_UNDECLARED_SELECTOR = YES;
				GCC_WARN_UNINITIALIZED_AUTOS = YES_AGGRESSIVE;
				GCC_WARN_UNUSED_FUNCTION = YES;
				GCC_WARN_UNUSED_VARIABLE = YES;
				IPHONEOS_DEPLOYMENT_TARGET = 17.0;
				LOCALIZATION_PREFERS_STRING_CATALOGS = YES;
				MTL_ENABLE_DEBUG_INFO = NO;
				MTL_FAST_MATH = YES;
				SDKROOT = iphoneos;
				SWIFT_COMPILATION_MODE = wholemodule;
				VALIDATE_PRODUCT = YES;
			};
			name = Release;
		};
		53D418872AC7099B0070ADB1 /* Debug */ = {
			isa = XCBuildConfiguration;
			buildSettings = {
				ASSETCATALOG_COMPILER_APPICON_NAME = AppIcon;
				ASSETCATALOG_COMPILER_GLOBAL_ACCENT_COLOR_NAME = AccentColor;
				CODE_SIGN_STYLE = Automatic;
				CURRENT_PROJECT_VERSION = 1;
				DEVELOPMENT_ASSET_PATHS = "\"Aura/Preview Content\"";
				ENABLE_PREVIEWS = YES;
				GENERATE_INFOPLIST_FILE = YES;
				INFOPLIST_KEY_UIApplicationSceneManifest_Generation = YES;
				INFOPLIST_KEY_UIApplicationSupportsIndirectInputEvents = YES;
				INFOPLIST_KEY_UILaunchScreen_Generation = YES;
				INFOPLIST_KEY_UISupportedInterfaceOrientations_iPad = "UIInterfaceOrientationPortrait UIInterfaceOrientationPortraitUpsideDown UIInterfaceOrientationLandscapeLeft UIInterfaceOrientationLandscapeRight";
				INFOPLIST_KEY_UISupportedInterfaceOrientations_iPhone = "UIInterfaceOrientationPortrait UIInterfaceOrientationLandscapeLeft UIInterfaceOrientationLandscapeRight";
				LD_RUNPATH_SEARCH_PATHS = (
					"$(inherited)",
					"@executable_path/Frameworks",
				);
				MARKETING_VERSION = 1.0;
				PRODUCT_BUNDLE_IDENTIFIER = com.mobilemaker.Aura;
				PRODUCT_NAME = "$(TARGET_NAME)";
				SWIFT_EMIT_LOC_STRINGS = YES;
				SWIFT_VERSION = 5.0;
				TARGETED_DEVICE_FAMILY = "1,2";
			};
			name = Debug;
		};
		53D418882AC7099B0070ADB1 /* Release */ = {
			isa = XCBuildConfiguration;
			buildSettings = {
				ASSETCATALOG_COMPILER_APPICON_NAME = AppIcon;
				ASSETCATALOG_COMPILER_GLOBAL_ACCENT_COLOR_NAME = AccentColor;
				CODE_SIGN_STYLE = Automatic;
				CURRENT_PROJECT_VERSION = 1;
				DEVELOPMENT_ASSET_PATHS = "\"Aura/Preview Content\"";
				ENABLE_PREVIEWS = YES;
				GENERATE_INFOPLIST_FILE = YES;
				INFOPLIST_KEY_UIApplicationSceneManifest_Generation = YES;
				INFOPLIST_KEY_UIApplicationSupportsIndirectInputEvents = YES;
				INFOPLIST_KEY_UILaunchScreen_Generation = YES;
				INFOPLIST_KEY_UISupportedInterfaceOrientations_iPad = "UIInterfaceOrientationPortrait UIInterfaceOrientationPortraitUpsideDown UIInterfaceOrientationLandscapeLeft UIInterfaceOrientationLandscapeRight";
				INFOPLIST_KEY_UISupportedInterfaceOrientations_iPhone = "UIInterfaceOrientationPortrait UIInterfaceOrientationLandscapeLeft UIInterfaceOrientationLandscapeRight";
				LD_RUNPATH_SEARCH_PATHS = (
					"$(inherited)",
					"@executable_path/Frameworks",
				);
				MARKETING_VERSION = 1.0;
				PRODUCT_BUNDLE_IDENTIFIER = com.mobilemaker.Aura;
				PRODUCT_NAME = "$(TARGET_NAME)";
				SWIFT_EMIT_LOC_STRINGS = YES;
				SWIFT_VERSION = 5.0;
				TARGETED_DEVICE_FAMILY = "1,2";
			};
			name = Release;
		};
		561786242BD0DE9E00C959EE /* Debug */ = {
			isa = XCBuildConfiguration;
			buildSettings = {
				BUNDLE_LOADER = "$(TEST_HOST)";
				CODE_SIGN_STYLE = Automatic;
				CURRENT_PROJECT_VERSION = 1;
				DEVELOPMENT_TEAM = YMFE2XVS4V;
				GENERATE_INFOPLIST_FILE = YES;
				IPHONEOS_DEPLOYMENT_TARGET = 17.4;
				MARKETING_VERSION = 1.0;
				PRODUCT_BUNDLE_IDENTIFIER = com.13h15.AuraTests;
				PRODUCT_NAME = "$(TARGET_NAME)";
				SWIFT_EMIT_LOC_STRINGS = NO;
				SWIFT_VERSION = 5.0;
				TARGETED_DEVICE_FAMILY = "1,2";
				TEST_HOST = "$(BUILT_PRODUCTS_DIR)/Aura.app/$(BUNDLE_EXECUTABLE_FOLDER_PATH)/Aura";
			};
			name = Debug;
		};
		561786252BD0DE9E00C959EE /* Release */ = {
			isa = XCBuildConfiguration;
			buildSettings = {
				BUNDLE_LOADER = "$(TEST_HOST)";
				CODE_SIGN_STYLE = Automatic;
				CURRENT_PROJECT_VERSION = 1;
				DEVELOPMENT_TEAM = YMFE2XVS4V;
				GENERATE_INFOPLIST_FILE = YES;
				IPHONEOS_DEPLOYMENT_TARGET = 17.4;
				MARKETING_VERSION = 1.0;
				PRODUCT_BUNDLE_IDENTIFIER = com.13h15.AuraTests;
				PRODUCT_NAME = "$(TARGET_NAME)";
				SWIFT_EMIT_LOC_STRINGS = NO;
				SWIFT_VERSION = 5.0;
				TARGETED_DEVICE_FAMILY = "1,2";
				TEST_HOST = "$(BUILT_PRODUCTS_DIR)/Aura.app/$(BUNDLE_EXECUTABLE_FOLDER_PATH)/Aura";
			};
			name = Release;
		};
/* End XCBuildConfiguration section */

/* Begin XCConfigurationList section */
		53D418732AC7099A0070ADB1 /* Build configuration list for PBXProject "Aura" */ = {
			isa = XCConfigurationList;
			buildConfigurations = (
				53D418842AC7099B0070ADB1 /* Debug */,
				53D418852AC7099B0070ADB1 /* Release */,
			);
			defaultConfigurationIsVisible = 0;
			defaultConfigurationName = Release;
		};
		53D418862AC7099B0070ADB1 /* Build configuration list for PBXNativeTarget "Aura" */ = {
			isa = XCConfigurationList;
			buildConfigurations = (
				53D418872AC7099B0070ADB1 /* Debug */,
				53D418882AC7099B0070ADB1 /* Release */,
			);
			defaultConfigurationIsVisible = 0;
			defaultConfigurationName = Release;
		};
		561786232BD0DE9E00C959EE /* Build configuration list for PBXNativeTarget "AuraTests" */ = {
			isa = XCConfigurationList;
			buildConfigurations = (
				561786242BD0DE9E00C959EE /* Debug */,
				561786252BD0DE9E00C959EE /* Release */,
			);
			defaultConfigurationIsVisible = 0;
			defaultConfigurationName = Release;
		};
/* End XCConfigurationList section */
	};
	rootObject = 53D418702AC7099A0070ADB1 /* Project object */;
}
